
Microsoft Visual Studio Solution File, Format Version 12.00
# Visual Studio 15
VisualStudioVersion = 15.0.28307.1525
MinimumVisualStudioVersion = 10.0.40219.1
Project("{9A19103F-16F7-4668-BE54-9A1E7A4F7556}") = "business", "business\business.csproj", "{0AE8BECF-27DA-48C1-8EAF-592B3F97A7EE}"
EndProject
Project("{FAE04EC0-301F-11D3-BF4B-00C04F79EFBC}") = "SistemaEscolar", "SistemaEscolar\SistemaEscolar.csproj", "{757C9EC7-D061-419D-AE04-270DEA8F8DFE}"
EndProject
Project("{FAE04EC0-301F-11D3-BF4B-00C04F79EFBC}") = "SistemaEscolarApi", "SistemaEscolarApi\SistemaEscolarApi.csproj", "{1E3B5F84-93E3-4078-9E52-4BA8091D7B39}"
EndProject
Global
	GlobalSection(SolutionConfigurationPlatforms) = preSolution
		Debug|Any CPU = Debug|Any CPU
		Release|Any CPU = Release|Any CPU
	EndGlobalSection
	GlobalSection(ProjectConfigurationPlatforms) = postSolution
		{0AE8BECF-27DA-48C1-8EAF-592B3F97A7EE}.Debug|Any CPU.ActiveCfg = Debug|Any CPU
		{0AE8BECF-27DA-48C1-8EAF-592B3F97A7EE}.Debug|Any CPU.Build.0 = Debug|Any CPU
		{0AE8BECF-27DA-48C1-8EAF-592B3F97A7EE}.Release|Any CPU.ActiveCfg = Release|Any CPU
		{0AE8BECF-27DA-48C1-8EAF-592B3F97A7EE}.Release|Any CPU.Build.0 = Release|Any CPU
		{757C9EC7-D061-419D-AE04-270DEA8F8DFE}.Debug|Any CPU.ActiveCfg = Debug|Any CPU
		{757C9EC7-D061-419D-AE04-270DEA8F8DFE}.Debug|Any CPU.Build.0 = Debug|Any CPU
		{757C9EC7-D061-419D-AE04-270DEA8F8DFE}.Release|Any CPU.ActiveCfg = Release|Any CPU
		{757C9EC7-D061-419D-AE04-270DEA8F8DFE}.Release|Any CPU.Build.0 = Release|Any CPU
		{1E3B5F84-93E3-4078-9E52-4BA8091D7B39}.Debug|Any CPU.ActiveCfg = Debug|Any CPU
		{1E3B5F84-93E3-4078-9E52-4BA8091D7B39}.Debug|Any CPU.Build.0 = Debug|Any CPU
		{1E3B5F84-93E3-4078-9E52-4BA8091D7B39}.Release|Any CPU.ActiveCfg = Release|Any CPU
		{1E3B5F84-93E3-4078-9E52-4BA8091D7B39}.Release|Any CPU.Build.0 = Release|Any CPU
	EndGlobalSection
	GlobalSection(SolutionProperties) = preSolution
		HideSolutionNode = FALSE
	EndGlobalSection
	GlobalSection(ExtensibilityGlobals) = postSolution
		SolutionGuid = {54958259-731B-4023-B228-15AAA52F6FBF}
	EndGlobalSection
EndGlobal
